
Microsoft Visual Studio Solution File, Format Version 12.00
# Visual Studio 15
VisualStudioVersion = 15.0.27703.2035
MinimumVisualStudioVersion = 10.0.40219.1
Project("{2150E333-8FDC-42A3-9474-1A3956D46DE8}") = ".nuget", ".nuget", "{143375DB-A9D0-4C65-A554-3BD851018C80}"
	ProjectSection(SolutionItems) = preProject
		.nuget\packages.config = .nuget\packages.config
	EndProjectSection
EndProject
Project("{9A19103F-16F7-4668-BE54-9A1E7A4F7556}") = "CMDStuff", "CMDStuff\CMDStuff.csproj", "{E36F6FF4-AA18-485A-865D-AA3739DBD953}"
EndProject
Global
	GlobalSection(SolutionConfigurationPlatforms) = preSolution
		Debug|Any CPU = Debug|Any CPU
		Release|Any CPU = Release|Any CPU
	EndGlobalSection
	GlobalSection(ProjectConfigurationPlatforms) = postSolution
		{E36F6FF4-AA18-485A-865D-AA3739DBD953}.Debug|Any CPU.ActiveCfg = Debug|Any CPU
		{E36F6FF4-AA18-485A-865D-AA3739DBD953}.Debug|Any CPU.Build.0 = Debug|Any CPU
		{E36F6FF4-AA18-485A-865D-AA3739DBD953}.Release|Any CPU.ActiveCfg = Release|Any CPU
		{E36F6FF4-AA18-485A-865D-AA3739DBD953}.Release|Any CPU.Build.0 = Release|Any CPU
	EndGlobalSection
	GlobalSection(SolutionProperties) = preSolution
		HideSolutionNode = FALSE
	EndGlobalSection
	GlobalSection(ExtensibilityGlobals) = postSolution
		SolutionGuid = {EC666D96-C409-4FCB-A242-0861C4D6411C}
	EndGlobalSection
EndGlobal
